---
metadata: 
  version: "1.0"
artifacts:
  - download_url: "https://github.com/openshift/check-payload/archive/refs/tags/0.3.10.tar.gz"
    checksum: "sha256:7243ee84fcb8cbcbe344293e54cbc404cf5671201abb59a5718430c81c79472e"
    filename: "check-payload-0.3.10.tar.gz"
  - download_url: "https://github.com/CycloneDX/sbom-utility/releases/download/v0.12.0/sbom-utility-v0.12.0-linux-amd64.tar.gz"
    checksum: "sha256:762072a297f499691d59eeb3405aa873b6e71ea8f18d7db496511e584b0f5bb1"
    filename: "sbom-utility.tar.gz"
  # - download_url: "https://mirror.openshift.com/pub/openshift-v4/amd64/clients/ocp/stable/openshift-client-linux-4.18.16.tar.gz"
  #   checksum: "sha256:746073ce8409476078102bed7b26316c419c192aa27c69de0ce01b5774958d00"
  #   filename: "openshift-client-linux-amd64.tar.gz"
  # - download_url: "https://mirror.openshift.com/pub/openshift-v4/ppc64le/clients/ocp/stable/openshift-client-linux-4.18.16.tar.gz"
  #   checksum: "sha256:a91a24577fd29e3faa559e56d88f3f46b8c7ff4db72fbed7a9679ff4fbd050e1"
  #   filename: "openshift-client-linux-ppc64le.tar.gz"
  - download_url: "https://github.com/bats-core/bats-core/archive/refs/tags/v1.8.2.tar.gz"
    checksum: "sha256:0f2df311a536e625a72bff64c838e67c7b5032e6ea9edcdf32758303062b2f3b"
    filename: "v1.8.2.tar.gz"
  - download_url: "https://github.com/operator-framework/operator-registry/releases/download/v1.40.0/linux-amd64-opm"
    checksum: "sha256:33eb929264a69f31895e1973248b7e97e3b6a862d7ca27f6892e158f79ad6aeb"
    filename: "linux-amd64-opm"
  - download_url: "https://github.com/opencontainers/umoci/releases/download/v0.4.7/umoci.amd64"
    checksum: "sha256:6abecdbe7ac96a8e48fdb73fb53f08d21d4dc5e040f7590d2ca5547b7f2b2e85"
    filename: "umoci.amd64"
  - download_url: "https://github.com/kislyuk/yq/releases/download/v3.4.3/yq-3.4.3-py3-none-any.whl" 
    checksum: "sha256:cb9160f33fcdaf0c2fb36b4ba916953f94e338fffbdee61c90fd84164b8d63b5"
    filename: "yq-3.4.3-py3-none-any.whl"
  - download_url: "https://files.pythonhosted.org/packages/3d/32/e7bd8535d22ea2874cef6a81021ba019474ace0d13a4819c2a4bce79bd6a/PyYAML-6.0.2-cp39-cp39-manylinux_2_17_x86_64.manylinux2014_x86_64.whl"
    checksum: "sha256:3b1fdb9dc17f5a7677423d508ab4f243a726dea51fa5e70992e59a7411c89d19"
    filename: "PyYAML-6.0.2-cp39-cp39-manylinux_2_17_x86_64.manylinux2014_x86_64.whl"
  - download_url: "https://github.com/kislyuk/argcomplete/releases/download/v3.6.2/argcomplete-3.6.2-py3-none-any.whl"
    checksum: "sha256:65b3133a29ad53fb42c48cf5114752c7ab66c1c38544fdf6460f450c09b42591"
    filename: "argcomplete-3.6.2-py3-none-any.whl"
  - download_url: "https://github.com/python-poetry/tomlkit/releases/download/0.13.3/tomlkit-0.13.3-py3-none-any.whl"
    checksum: "sha256:c89c649d79ee40629a9fda55f8ace8c6a1b42deb912b2a8fd8d942ddadb606b0"
    filename: "tomlkit-0.13.3-py3-none-any.whl"
  - download_url: "https://files.pythonhosted.org/packages/d6/45/fc303eb433e8a2a271739c98e953728422fa61a3c1f36077a49e395c972e/xmltodict-0.14.2-py2.py3-none-any.whl"
    checksum: "sha256:20cc7d723ed729276e808f26fb6b3599f786cbc37e06c65e192ba77c40f20aac"
    filename: "xmltodict-0.14.2-py2.py3-none-any.whl"
  - download_url: "https://openpolicyagent.org/downloads/v0.56.0/opa_linux_amd64_static"
    checksum: "sha256:623771025227588898af1788998d5b5f29068a887682cd8b8e9699136d4cf121"
    filename: "opa_linux_amd64_static"
  - download_url: "https://github.com/open-policy-agent/conftest/releases/download/v0.45.0/conftest_0.45.0_Linux_x86_64.tar.gz"
    checksum: "sha256:65edcf630f5cd2142138555542f10f8cbc99588e5dfcefbfa1e8074c7cc82c23"
    filename: "conftest_0.45.0_Linux_x86_64.tar.gz"
