---
metadata: 
  version: "1.0"
artifacts:
  - download_url: "https://github.com/openshift/check-payload/archive/refs/tags/0.3.11.tar.gz"
    checksum: "sha256:f2d6f74616bd2c6f35a538386fbf036a95955278202f8e574e82653fd75b3634"
    filename: "check-payload-0.3.11.tar.gz"
  - download_url: "https://github.com/CycloneDX/sbom-utility/releases/download/v0.12.0/sbom-utility-v0.12.0-linux-amd64.tar.gz"
    checksum: "sha256:762072a297f499691d59eeb3405aa873b6e71ea8f18d7db496511e584b0f5bb1"
    filename: "sbom-utility.tar.gz"
  - download_url: "https://github.com/CycloneDX/sbom-utility/releases/download/v0.12.0/sbom-utility-v0.12.0-linux-arm64.tar.gz"
    checksum: "sha256:21e00d982bebc8c9543bf8acd67f4336a224d27c11445e80fc540992a119d69b"
    filename: "sbom-utility-arm64.tar.gz"
  # - download_url: "https://mirror.openshift.com/pub/openshift-v4/amd64/clients/ocp/stable/openshift-client-linux-4.18.16.tar.gz"
  #   checksum: "sha256:746073ce8409476078102bed7b26316c419c192aa27c69de0ce01b5774958d00"
  #   filename: "openshift-client-linux-amd64.tar.gz"
  # - download_url: "https://mirror.openshift.com/pub/openshift-v4/ppc64le/clients/ocp/stable/openshift-client-linux-4.18.16.tar.gz"
  #   checksum: "sha256:a91a24577fd29e3faa559e56d88f3f46b8c7ff4db72fbed7a9679ff4fbd050e1"
  #   filename: "openshift-client-linux-ppc64le.tar.gz"
  - download_url: "https://github.com/bats-core/bats-core/archive/refs/tags/v1.8.2.tar.gz"
    checksum: "sha256:0f2df311a536e625a72bff64c838e67c7b5032e6ea9edcdf32758303062b2f3b"
    filename: "v1.8.2.tar.gz"
  - download_url: "https://github.com/operator-framework/operator-registry/releases/download/v1.26.4/linux-amd64-opm"
    checksum: "sha256:cf94e9dbd58c338e1eed03ca50af847d24724b99b40980812abbe540e8c7ff8e"
    filename: "linux-amd64-opm-v1.26.4"
  - download_url: "https://github.com/operator-framework/operator-registry/releases/download/v1.28.0/linux-amd64-opm"
    checksum: "sha256:e18e5abc8febb63c9dc76db0f33475553d98495465bd2dca81c39dcdbc875c08"
    filename: "linux-amd64-opm-v1.28.0"
  - download_url: "https://github.com/operator-framework/operator-registry/releases/download/v1.40.0/linux-amd64-opm"
    checksum: "sha256:33eb929264a69f31895e1973248b7e97e3b6a862d7ca27f6892e158f79ad6aeb"
    filename: "linux-amd64-opm-v1.40.0"
  - download_url: "https://github.com/operator-framework/operator-registry/releases/download/v1.44.0/linux-amd64-opm"
    checksum: "sha256:21f0a423dfbfcddcffdde98266307a08d87b4db980be859b9e252a5a24df51bf"
    filename: "linux-amd64-opm-v1.44.0"
  - download_url: "https://github.com/operator-framework/operator-registry/releases/download/v1.48.0/linux-amd64-opm"
    checksum: "sha256:0a301826baff730489162caff13e04f7dc16c1a79072cbcbdfc5379d95caef40"
    filename: "linux-amd64-opm-v1.48.0"
  - download_url: "https://github.com/operator-framework/operator-registry/releases/download/v1.50.0/linux-amd64-opm"
    checksum: "sha256:d9bfdc08dd9640c1d9085d191f10f884f2ef29370db1ac097a73a0e23e803f95"
    filename: "linux-amd64-opm-v1.50.0"
  - download_url: "https://github.com/operator-framework/operator-registry/releases/download/v1.57.0/linux-amd64-opm"
    checksum: "sha256:8d2f51f166f47f76eb6906c4de9af90462b7163cbacef6c932bda4829ec086c7"
    filename: "linux-amd64-opm-v1.57.0"
  - download_url: "https://github.com/operator-framework/operator-registry/releases/download/v1.26.4/linux-arm64-opm"
    checksum: "sha256:399684a39a2eaddea09248be403b2dd73de35cbfe7322c115381c796bebee751"
    filename: "linux-arm64-opm-v1.26.4"
  - download_url: "https://github.com/operator-framework/operator-registry/releases/download/v1.28.0/linux-arm64-opm"
    checksum: "sha256:c71e5135bf8abf53d034adc17a9428b9b1aada2d5a1f005755275ee301cef1e9"
    filename: "linux-arm64-opm-v1.28.0"
  - download_url: "https://github.com/operator-framework/operator-registry/releases/download/v1.40.0/linux-arm64-opm"
    checksum: "sha256:c4bc954bcdcf7e0d25f5b2ef952b4eccea3625dc03aba858841debc22e8cc0dd"
    filename: "linux-arm64-opm-v1.40.0"
  - download_url: "https://github.com/operator-framework/operator-registry/releases/download/v1.44.0/linux-arm64-opm"
    checksum: "sha256:c7ea808e20bdbd28c2744681ed5bf9efd49bd339ca53e20f7550f19a98a6fbd3"
    filename: "linux-arm64-opm-v1.44.0"
  - download_url: "https://github.com/operator-framework/operator-registry/releases/download/v1.48.0/linux-arm64-opm"
    checksum: "sha256:4c5ee23f33492c0cd4bdc2cc605728814cc38f889c758f5e7d1ac4e217f80f0c"
    filename: "linux-arm64-opm-v1.48.0"
  - download_url: "https://github.com/operator-framework/operator-registry/releases/download/v1.50.0/linux-arm64-opm"
    checksum: "sha256:888b5ef195d0de6b5defa9f64784415d9ca17f55802b5e8c33e08b0cb7b92a87"
    filename: "linux-arm64-opm-v1.50.0"
  - download_url: "https://github.com/operator-framework/operator-registry/releases/download/v1.57.0/linux-arm64-opm"
    checksum: "sha256:ac777f99b4d509d409f93a29225f5e9419f7da914126b46c0764d07b7e61dc4a"
    filename: "linux-arm64-opm-v1.57.0"
  - download_url: "https://github.com/opencontainers/umoci/releases/download/v0.5.0/umoci.linux.amd64"
    checksum: "sha256:1f9b284fbf05221bf107356fcc75dae131db72c9c600130648d72de317e75cd1"
    filename: "umoci.linux.amd64"
  - download_url: "https://github.com/opencontainers/umoci/releases/download/v0.5.0/umoci.linux.arm64"
    checksum: "sha256:6985e17b8da03afe8a73730d46fc7f8b6921984437ac82e24e004a91fcb086f0"
    filename: "umoci.linux.arm64"
  - download_url: "https://files.pythonhosted.org/packages/3d/32/e7bd8535d22ea2874cef6a81021ba019474ace0d13a4819c2a4bce79bd6a/PyYAML-6.0.2-cp39-cp39-manylinux_2_17_x86_64.manylinux2014_x86_64.whl"
    checksum: "sha256:3b1fdb9dc17f5a7677423d508ab4f243a726dea51fa5e70992e59a7411c89d19"
    filename: "PyYAML-6.0.2-cp39-cp39-manylinux_2_17_x86_64.manylinux2014_x86_64.whl"
  - download_url: "https://files.pythonhosted.org/packages/0e/9a/8cc68be846c972bda34f6c2a93abb644fb2476f4dcc924d52175786932c9/PyYAML-6.0.2-cp39-cp39-manylinux_2_17_aarch64.manylinux2014_aarch64.whl"
    checksum: "sha256:d8e03406cac8513435335dbab54c0d385e4a49e4945d2909a581c83647ca0290"
    filename: "PyYAML-6.0.2-cp39-cp39-manylinux_2_17_aarch64.manylinux2014_aarch64.whl"
  - download_url: "https://openpolicyagent.org/downloads/v0.56.0/opa_linux_amd64_static"
    checksum: "sha256:623771025227588898af1788998d5b5f29068a887682cd8b8e9699136d4cf121"
    filename: "opa_linux_amd64_static"
  - download_url: "https://openpolicyagent.org/downloads/v0.56.0/opa_linux_arm64_static"
    checksum: "sha256:7b1c2373bcb7e0387eb51e268aaca83f525ac93b61b707d255595e2bc8fdb5f6"
    filename: "opa_linux_arm64_static"
  - download_url: "https://github.com/open-policy-agent/conftest/releases/download/v0.45.0/conftest_0.45.0_Linux_x86_64.tar.gz"
    checksum: "sha256:65edcf630f5cd2142138555542f10f8cbc99588e5dfcefbfa1e8074c7cc82c23"
    filename: "conftest_0.45.0_Linux_x86_64.tar.gz"
  - download_url: "https://github.com/open-policy-agent/conftest/releases/download/v0.45.0/conftest_0.45.0_Linux_arm64.tar.gz"
    checksum: "sha256:9851d4c2a6488fbaab6af34223ed77425bc6fb5a4b349a53e6e1410cdf4798f0"
    filename: "conftest_0.45.0_Linux_arm64.tar.gz"
  - download_url: "https://github.com/snyk/cli/releases/download/v1.1298.3/snyk-linux"
    checksum: "sha256:943cffd46891174b0f660a8d20d9e555910a178ca2f74dff98844b38388e49dd"
    filename: "snyk-linux"
  - download_url: "https://github.com/snyk/cli/releases/download/v1.1298.3/snyk-linux-arm64"
    checksum: "sha256:efae6da3d1ada3dfc505809e6a59d3800b32359d62ca607669d5516d5440294b"
    filename: "snyk-linux-arm64"
  - download_url: "https://github.com/conforma/cli/releases/download/v0.8.2/ec_linux_amd64"
    checksum: "sha256:d43b957281f6fb5fa24fbff6ea8c77c32a5a0e08b776af0e08340ad1da63ecae"
    filename: "ec_linux_amd64"
  - download_url: "https://github.com/conforma/cli/releases/download/v0.8.2/ec_linux_arm64"
    checksum: "sha256:4926e35593c043f290dacacc6011cc75e54c5ff1bd82a63b5bd43ffae712eea1"
    filename: "ec_linux_arm64"
  - download_url: "https://github.com/sigstore/cosign/releases/download/v2.5.3/cosign-linux-amd64"
    checksum: "sha256:783b5d6c74105401c63946c68d9b2a4e1aab3c8abce043e06b8510b02b623ec9"
    filename: "cosign-linux-amd64"
  - download_url: "https://github.com/sigstore/cosign/releases/download/v2.5.3/cosign-linux-arm64"
    checksum: "sha256:bffabe4cf183122b7de3111257a863c99e7dc6cf1093bfd7bf961de1795589b8"
    filename: "cosign-linux-arm64"
  - download_url: "https://github.com/github/codeql-cli-binaries/releases/download/v2.23.2/codeql-linux64.zip"
    checksum: "sha256:df3fd812cbaea14262da63dec4220a10163febdabc5472676339861a2aac0d4f"
    filename: "codeql-linux64.zip"
  - download_url: "https://github.com/mikefarah/yq/releases/download/v4.45.4/yq_linux_arm64"
    checksum: "sha256:a02cc637409db44a9f9cb55ea92c40019582ba88083c4d930a727ec4b59ed439"
    filename: "yq_linux_arm64"
  - download_url: "https://github.com/mikefarah/yq/releases/download/v4.45.4/yq_linux_amd64"
    checksum: "sha256:b96de04645707e14a12f52c37e6266832e03c29e95b9b139cddcae7314466e69"
    filename: "yq_linux_amd64"
